// !$*UTF8*$!
{
	archiveVersion = 1;
	classes = {
	};
	objectVersion = 56;
	objects = {

/* Begin PBXBuildFile section */
		09037C64E9D988371F29AD75 /* ComposeImageUploaderTests.swift in Sources */ = {isa = PBXBuildFile; fileRef = D4C3953B4568AA7A2EA19EED /* ComposeImageUploaderTests.swift */; };
		0C2A6EE423332702FD29DEBA /* Manrope.ttf in Resources */ = {isa = PBXBuildFile; fileRef = 229B4152945DABCD6D88A59A /* Manrope.ttf */; };
		1102DD971BF4AC03027058B9 /* BlockedUsersView.swift in Sources */ = {isa = PBXBuildFile; fileRef = E32E0E59381D02A8A4E0A247 /* BlockedUsersView.swift */; };
		1775C9B4C2CF08267AF3B138 /* WatchersListView.swift in Sources */ = {isa = PBXBuildFile; fileRef = E5828367E38948582EF1DF2A /* WatchersListView.swift */; };
		17CD6CF35900DC95AA284E3C /* PushService.swift in Sources */ = {isa = PBXBuildFile; fileRef = 8B79D26B822DCA1188DF37E9 /* PushService.swift */; };
		2101251E75F418E9EB28DA8F /* ImageUploadProcessorTests.swift in Sources */ = {isa = PBXBuildFile; fileRef = 78BDFABB1D991EB98BFEC2AA /* ImageUploadProcessorTests.swift */; };
		23E11F4CE0298A685F13AA21 /* APIClientGapPhasesTests.swift in Sources */ = {isa = PBXBuildFile; fileRef = B3A38EE80BD5D25C7D290EF5 /* APIClientGapPhasesTests.swift */; };
		388E7B579881268E86808945 /* ReorderSpikeView.swift in Sources */ = {isa = PBXBuildFile; fileRef = 104AAB22C8CEDBE47729581D /* ReorderSpikeView.swift */; };
		47FBAC21F771B2813EAD8D37 /* Moderation.swift in Sources */ = {isa = PBXBuildFile; fileRef = 1147B978D9E72695E4457454 /* Moderation.swift */; };
		5703F883D4E6186DB66E5833 /* NotificationPreference.swift in Sources */ = {isa = PBXBuildFile; fileRef = ECA57E5D72AA1429A40660BA /* NotificationPreference.swift */; };
		64F5804ECC25725FD1E58E84 /* APIClientModerationTests.swift in Sources */ = {isa = PBXBuildFile; fileRef = 6A569D8DB8DFD3CC59072FDB /* APIClientModerationTests.swift */; };
		6C10CC420377B0E8AE5C82DB /* GapModelsTests.swift in Sources */ = {isa = PBXBuildFile; fileRef = 93642F79C3049C4A2ECC8AFF /* GapModelsTests.swift */; };
		6CED0218B01DF6AA0FF9D3BF /* ListWatcher.swift in Sources */ = {isa = PBXBuildFile; fileRef = F0470C00F1A0E215224120A1 /* ListWatcher.swift */; };
		7201B78F48B60376E06DB08E /* ILColor.swift in Sources */ = {isa = PBXBuildFile; fileRef = FC5914D730B4355F02E89D81 /* ILColor.swift */; };
		8BEDD4D904328EC8027314DC /* SpaceGrotesk.ttf in Resources */ = {isa = PBXBuildFile; fileRef = 7A01238CA201A950E76845AE /* SpaceGrotesk.ttf */; };
		99E688DB379BD4A824487604 /* ComposeImageUploader.swift in Sources */ = {isa = PBXBuildFile; fileRef = 7F7063C59228E7D97A16B17D /* ComposeImageUploader.swift */; };
		9CA0B53AE87AA79D8BAC81FF /* FollowListView.swift in Sources */ = {isa = PBXBuildFile; fileRef = 0EF29F5DC946D80A63000209 /* FollowListView.swift */; };
		A1B1C1D1E1F10001 /* InterlinedListApp.swift in Sources */ = {isa = PBXBuildFile; fileRef = A1B1C1D1E1F10002 /* InterlinedListApp.swift */; };
		A1B1C1D1E1F10003 /* RootView.swift in Sources */ = {isa = PBXBuildFile; fileRef = A1B1C1D1E1F10004 /* RootView.swift */; };
		A1B1C1D1E1F10005 /* User.swift in Sources */ = {isa = PBXBuildFile; fileRef = A1B1C1D1E1F10006 /* User.swift */; };
		A1B1C1D1E1F10007 /* Message.swift in Sources */ = {isa = PBXBuildFile; fileRef = A1B1C1D1E1F10008 /* Message.swift */; };
		A1B1C1D1E1F10009 /* KeychainService.swift in Sources */ = {isa = PBXBuildFile; fileRef = A1B1C1D1E1F1000A /* KeychainService.swift */; };
		A1B1C1D1E1F1000B /* APIClient.swift in Sources */ = {isa = PBXBuildFile; fileRef = A1B1C1D1E1F1000C /* APIClient.swift */; };
		A1B1C1D1E1F1000D /* AuthState.swift in Sources */ = {isa = PBXBuildFile; fileRef = A1B1C1D1E1F1000E /* AuthState.swift */; };
		A1B1C1D1E1F1000F /* LoginView.swift in Sources */ = {isa = PBXBuildFile; fileRef = A1B1C1D1E1F10010 /* LoginView.swift */; };
		A1B1C1D1E1F10011 /* RegisterView.swift in Sources */ = {isa = PBXBuildFile; fileRef = A1B1C1D1E1F10012 /* RegisterView.swift */; };
		A1B1C1D1E1F10013 /* MainTabView.swift in Sources */ = {isa = PBXBuildFile; fileRef = A1B1C1D1E1F10014 /* MainTabView.swift */; };
		A1B1C1D1E1F10015 /* FeedView.swift in Sources */ = {isa = PBXBuildFile; fileRef = A1B1C1D1E1F10016 /* FeedView.swift */; };
		A1B1C1D1E1F10017 /* ComposeView.swift in Sources */ = {isa = PBXBuildFile; fileRef = A1B1C1D1E1F10018 /* ComposeView.swift */; };
		A1B1C1D1E1F10019 /* Assets.xcassets in Resources */ = {isa = PBXBuildFile; fileRef = A1B1C1D1E1F1001A /* Assets.xcassets */; };
		A1B1C1D1E1F1002D /* List.swift in Sources */ = {isa = PBXBuildFile; fileRef = A1B1C1D1E1F1002E /* List.swift */; };
		A1B1C1D1E1F1002F /* ListsView.swift in Sources */ = {isa = PBXBuildFile; fileRef = A1B1C1D1E1F10030 /* ListsView.swift */; };
		A1B1C1D1E1F10031 /* EditMessageView.swift in Sources */ = {isa = PBXBuildFile; fileRef = A1B1C1D1E1F10032 /* EditMessageView.swift */; };
		A1B1C1D1E1F10033 /* MessageThreadView.swift in Sources */ = {isa = PBXBuildFile; fileRef = A1B1C1D1E1F10034 /* MessageThreadView.swift */; };
		A1B1C1D1E1F10035 /* CreateListView.swift in Sources */ = {isa = PBXBuildFile; fileRef = A1B1C1D1E1F10036 /* CreateListView.swift */; };
		A1B1C1D1E1F10037 /* UserProfileView.swift in Sources */ = {isa = PBXBuildFile; fileRef = A1B1C1D1E1F10038 /* UserProfileView.swift */; };
		A1B1C1D1E1F10039 /* ScheduledMessagesView.swift in Sources */ = {isa = PBXBuildFile; fileRef = A1B1C1D1E1F1003A /* ScheduledMessagesView.swift */; };
		A1B1C1D1E1F100A1 /* ListSchemaEditorView.swift in Sources */ = {isa = PBXBuildFile; fileRef = A1B1C1D1E1F100A2 /* ListSchemaEditorView.swift */; };
		A1B1C1D1E1F100A3 /* ListSchemaDraft.swift in Sources */ = {isa = PBXBuildFile; fileRef = A1B1C1D1E1F100A4 /* ListSchemaDraft.swift */; };
		A2B2C2D2E2F20041 /* AppNotification.swift in Sources */ = {isa = PBXBuildFile; fileRef = A2B2C2D2E2F20042 /* AppNotification.swift */; };
		A2B2C2D2E2F20043 /* FollowState.swift in Sources */ = {isa = PBXBuildFile; fileRef = A2B2C2D2E2F20044 /* FollowState.swift */; };
		A2B2C2D2E2F20045 /* NotificationsView.swift in Sources */ = {isa = PBXBuildFile; fileRef = A2B2C2D2E2F20046 /* NotificationsView.swift */; };
		A2B2C2D2E2F20047 /* FollowRequestsView.swift in Sources */ = {isa = PBXBuildFile; fileRef = A2B2C2D2E2F20048 /* FollowRequestsView.swift */; };
		A2B2C2D2E2F20049 /* EditProfileView.swift in Sources */ = {isa = PBXBuildFile; fileRef = A2B2C2D2E2F2004A /* EditProfileView.swift */; };
		A3C3D3E3F3A30051 /* Document.swift in Sources */ = {isa = PBXBuildFile; fileRef = A3C3D3E3F3A30052 /* Document.swift */; };
		A3C3D3E3F3A30053 /* DocumentsView.swift in Sources */ = {isa = PBXBuildFile; fileRef = A3C3D3E3F3A30054 /* DocumentsView.swift */; };
		A3C3D3E3F3A30055 /* URLSessionProtocol.swift in Sources */ = {isa = PBXBuildFile; fileRef = A3C3D3E3F3A30056 /* URLSessionProtocol.swift */; };
		A58E4C0D73217AA23A24114C /* JetBrainsMono.ttf in Resources */ = {isa = PBXBuildFile; fileRef = A79A316417B99AB22D2FFDC1 /* JetBrainsMono.ttf */; };
		A5C47F6A46E3CE8708789CB2 /* PublicBrowse.swift in Sources */ = {isa = PBXBuildFile; fileRef = 74B5AC4D76899CEAF620E402 /* PublicBrowse.swift */; };
		B1C1D1E1F1A10001 /* DataCache.swift in Sources */ = {isa = PBXBuildFile; fileRef = B1C1D1E1F1A10002 /* DataCache.swift */; };
		B1C1D1E1F1A10003 /* AppDataStore.swift in Sources */ = {isa = PBXBuildFile; fileRef = B1C1D1E1F1A10004 /* AppDataStore.swift */; };
		B1C1D1E1F1A10005 /* SkeletonBlock.swift in Sources */ = {isa = PBXBuildFile; fileRef = B1C1D1E1F1A10006 /* SkeletonBlock.swift */; };
		B1C1D1E1F1A10007 /* FeedSkeletonView.swift in Sources */ = {isa = PBXBuildFile; fileRef = B1C1D1E1F1A10008 /* FeedSkeletonView.swift */; };
		B1C1D1E1F1A10009 /* ListSkeletonView.swift in Sources */ = {isa = PBXBuildFile; fileRef = B1C1D1E1F1A1000A /* ListSkeletonView.swift */; };
		B1C1D1E1F1A1000B /* DocumentSkeletonView.swift in Sources */ = {isa = PBXBuildFile; fileRef = B1C1D1E1F1A1000C /* DocumentSkeletonView.swift */; };
		B1C1D1E1F1A1000D /* ListItemFormView.swift in Sources */ = {isa = PBXBuildFile; fileRef = B1C1D1E1F1A1000E /* ListItemFormView.swift */; };
		C18C73C8A93572993F29D559 /* ImageUploadProcessor.swift in Sources */ = {isa = PBXBuildFile; fileRef = 5A04FF25F89FC0E5253896FD /* ImageUploadProcessor.swift */; };
		C1D1E1F1A1B10001 /* Organization.swift in Sources */ = {isa = PBXBuildFile; fileRef = C1D1E1F1A1B10002 /* Organization.swift */; };
		C478109CF3BB06C22E121904 /* ReportSheet.swift in Sources */ = {isa = PBXBuildFile; fileRef = 7800699C927CE3E133944E62 /* ReportSheet.swift */; };
		CB45081F767583424D54523C /* APIClientPushTests.swift in Sources */ = {isa = PBXBuildFile; fileRef = 09470364B5A0A559FDE3215F /* APIClientPushTests.swift */; };
		CE93B45A2285EF8FD995D9FE /* OrganizationsView.swift in Sources */ = {isa = PBXBuildFile; fileRef = C0041BEAB46F9186FB5BF907 /* OrganizationsView.swift */; };
		D0A1D0A1D0A10001 /* OAuthCoordinator.swift in Sources */ = {isa = PBXBuildFile; fileRef = D0A1D0A1D0A10002 /* OAuthCoordinator.swift */; };
		D0A1D0A1D0A10003 /* ChangeEmailView.swift in Sources */ = {isa = PBXBuildFile; fileRef = D0A1D0A1D0A10004 /* ChangeEmailView.swift */; };
		D0A1D0A1D0A10005 /* ForgotPasswordView.swift in Sources */ = {isa = PBXBuildFile; fileRef = D0A1D0A1D0A10006 /* ForgotPasswordView.swift */; };
		D0A1D0A1D0A10007 /* ResetPasswordView.swift in Sources */ = {isa = PBXBuildFile; fileRef = D0A1D0A1D0A10008 /* ResetPasswordView.swift */; };
		D0A1D0A1D0A10009 /* EmailVerificationBanner.swift in Sources */ = {isa = PBXBuildFile; fileRef = D0A1D0A1D0A1000A /* EmailVerificationBanner.swift */; };
		D0A1D0A1D0A1000B /* LinkedIdentitiesView.swift in Sources */ = {isa = PBXBuildFile; fileRef = D0A1D0A1D0A1000C /* LinkedIdentitiesView.swift */; };
		D0A1D0A1D0A1000D /* OAuthSignInButton.swift in Sources */ = {isa = PBXBuildFile; fileRef = D0A1D0A1D0A1000E /* OAuthSignInButton.swift */; };
		D0F35ACF98DDE854A8437C7D /* SettingsView.swift in Sources */ = {isa = PBXBuildFile; fileRef = 2DD102A0D8ECD7CFC11DBD4A /* SettingsView.swift */; };
		D6AA238FF5D318D9C03FA6B5 /* PublicListDetailView.swift in Sources */ = {isa = PBXBuildFile; fileRef = 2A70E64AE3EB1E11EB9B7F83 /* PublicListDetailView.swift */; };
		E1F7D081DC89245C81E2047C /* AppDataStoreTests.swift in Sources */ = {isa = PBXBuildFile; fileRef = 4EE76647702E9C83B941FA2C /* AppDataStoreTests.swift */; };
		F93C3A953A0B809D718F9DB5 /* PublicDocumentsView.swift in Sources */ = {isa = PBXBuildFile; fileRef = 98DB21A23AF902D811F28C38 /* PublicDocumentsView.swift */; };
		FCA5249B389CBC18040D6011 /* ComposeImageStrip.swift in Sources */ = {isa = PBXBuildFile; fileRef = 29AF87C767D57BD267ED0802 /* ComposeImageStrip.swift */; };
		T1E5T1E5T1E50001 /* InterlinedListTests.swift in Sources */ = {isa = PBXBuildFile; fileRef = T1E5T1E5T1E50002 /* InterlinedListTests.swift */; };
		T1E5T1E5T1E50003 /* MockURLSession.swift in Sources */ = {isa = PBXBuildFile; fileRef = T1E5T1E5T1E50004 /* MockURLSession.swift */; };
		T1E5T1E5T1E50005 /* APIClientAuthTests.swift in Sources */ = {isa = PBXBuildFile; fileRef = T1E5T1E5T1E50006 /* APIClientAuthTests.swift */; };
		T1E5T1E5T1E50007 /* ListModelTests.swift in Sources */ = {isa = PBXBuildFile; fileRef = T1E5T1E5T1E50008 /* ListModelTests.swift */; };
		T1E5T1E5T1E50009 /* UserModelTests.swift in Sources */ = {isa = PBXBuildFile; fileRef = T1E5T1E5T1E5000A /* UserModelTests.swift */; };
		T1E5T1E5T1E5D001 /* APIClientVideoUploadTests.swift in Sources */ = {isa = PBXBuildFile; fileRef = T1E5T1E5T1E5D002 /* APIClientVideoUploadTests.swift */; };
		T1E5T1E5T1E5G001 /* APIClientExportTests.swift in Sources */ = {isa = PBXBuildFile; fileRef = T1E5T1E5T1E5G002 /* APIClientExportTests.swift */; };
		T1E5T1E5T1E5H001 /* APIClientConnectionsTests.swift in Sources */ = {isa = PBXBuildFile; fileRef = T1E5T1E5T1E5H002 /* APIClientConnectionsTests.swift */; };
		T1E5T1E5T1E5H003 /* ListConnectionTests.swift in Sources */ = {isa = PBXBuildFile; fileRef = T1E5T1E5T1E5H004 /* ListConnectionTests.swift */; };
		T1E5T1E5T1E5M001 /* MessageModelTests.swift in Sources */ = {isa = PBXBuildFile; fileRef = T1E5T1E5T1E5M002 /* MessageModelTests.swift */; };
		T1E5T1E5T1E5M003 /* AppNotificationModelTests.swift in Sources */ = {isa = PBXBuildFile; fileRef = T1E5T1E5T1E5M004 /* AppNotificationModelTests.swift */; };
		T1E5T1E5T1E5M005 /* FollowStateModelTests.swift in Sources */ = {isa = PBXBuildFile; fileRef = T1E5T1E5T1E5M006 /* FollowStateModelTests.swift */; };
		T1E5T1E5T1E5M007 /* DocumentModelTests.swift in Sources */ = {isa = PBXBuildFile; fileRef = T1E5T1E5T1E5M008 /* DocumentModelTests.swift */; };
		T1E5T1E5T1E5N001 /* APIClientMessagesTests.swift in Sources */ = {isa = PBXBuildFile; fileRef = T1E5T1E5T1E5N002 /* APIClientMessagesTests.swift */; };
		T1E5T1E5T1E5N003 /* APIClientListsTests.swift in Sources */ = {isa = PBXBuildFile; fileRef = T1E5T1E5T1E5N004 /* APIClientListsTests.swift */; };
		T1E5T1E5T1E5N005 /* APIClientDocumentsTests.swift in Sources */ = {isa = PBXBuildFile; fileRef = T1E5T1E5T1E5N006 /* APIClientDocumentsTests.swift */; };
		T1E5T1E5T1E5N007 /* APIClientNotificationsTests.swift in Sources */ = {isa = PBXBuildFile; fileRef = T1E5T1E5T1E5N008 /* APIClientNotificationsTests.swift */; };
		T1E5T1E5T1E5N009 /* APIClientFollowTests.swift in Sources */ = {isa = PBXBuildFile; fileRef = T1E5T1E5T1E5N010 /* APIClientFollowTests.swift */; };
		T1E5T1E5T1E5N011 /* APIClientProfileTests.swift in Sources */ = {isa = PBXBuildFile; fileRef = T1E5T1E5T1E5N012 /* APIClientProfileTests.swift */; };
		T1E5T1E5T1E5N013 /* APIClientImageUploadTests.swift in Sources */ = {isa = PBXBuildFile; fileRef = T1E5T1E5T1E5N014 /* APIClientImageUploadTests.swift */; };
		T1E5T1E5T1E5N015 /* APIClientPeopleTests.swift in Sources */ = {isa = PBXBuildFile; fileRef = T1E5T1E5T1E5N016 /* APIClientPeopleTests.swift */; };
		T1E5T1E5T1E5P001 /* APIClientListFolderTests.swift in Sources */ = {isa = PBXBuildFile; fileRef = T1E5T1E5T1E5P002 /* APIClientListFolderTests.swift */; };
		T1E5T1E5T1E5P003 /* APIClientSearchDocumentsTests.swift in Sources */ = {isa = PBXBuildFile; fileRef = T1E5T1E5T1E5P004 /* APIClientSearchDocumentsTests.swift */; };
		T1E5T1E5T1E5P005 /* APIClientSearchListsTests.swift in Sources */ = {isa = PBXBuildFile; fileRef = T1E5T1E5T1E5P006 /* APIClientSearchListsTests.swift */; };
		T1E5T1E5T1E5P007 /* ListSchemaDraftTests.swift in Sources */ = {isa = PBXBuildFile; fileRef = T1E5T1E5T1E5P008 /* ListSchemaDraftTests.swift */; };
		T1E5T1E5T1E5P009 /* APIClientUpdateListSchemaTests.swift in Sources */ = {isa = PBXBuildFile; fileRef = T1E5T1E5T1E5P010 /* APIClientUpdateListSchemaTests.swift */; };
		T1E5T1E5T1E5P011 /* EnvLoader.swift in Sources */ = {isa = PBXBuildFile; fileRef = T1E5T1E5T1E5P012 /* EnvLoader.swift */; };
		T1E5T1E5T1E5P013 /* E2EReadOnlyTests.swift in Sources */ = {isa = PBXBuildFile; fileRef = T1E5T1E5T1E5P014 /* E2EReadOnlyTests.swift */; };
		T1E5T1E5T1E5P015 /* KeychainServiceTests.swift in Sources */ = {isa = PBXBuildFile; fileRef = T1E5T1E5T1E5P016 /* KeychainServiceTests.swift */; };
		T1E5T1E5T1E5P017 /* APIClientPasswordResetTests.swift in Sources */ = {isa = PBXBuildFile; fileRef = T1E5T1E5T1E5P018 /* APIClientPasswordResetTests.swift */; };
		T1E5T1E5T1E5P019 /* APIClientEmailVerificationTests.swift in Sources */ = {isa = PBXBuildFile; fileRef = T1E5T1E5T1E5P01A /* APIClientEmailVerificationTests.swift */; };
		T1E5T1E5T1E5P01B /* APIClientIdentitiesTests.swift in Sources */ = {isa = PBXBuildFile; fileRef = T1E5T1E5T1E5P01C /* APIClientIdentitiesTests.swift */; };
		T1E5T1E5T1E5P01D /* APIClientOAuthStatusTests.swift in Sources */ = {isa = PBXBuildFile; fileRef = T1E5T1E5T1E5P01E /* APIClientOAuthStatusTests.swift */; };
		T1E5T1E5T1E5P01F /* APIClientAvatarTests.swift in Sources */ = {isa = PBXBuildFile; fileRef = T1E5T1E5T1E5P020 /* APIClientAvatarTests.swift */; };
		T1E5T1E5T1E5P021 /* APIClientOrganizationsTests.swift in Sources */ = {isa = PBXBuildFile; fileRef = T1E5T1E5T1E5P022 /* APIClientOrganizationsTests.swift */; };
		T1E5T1E5T1E5P023 /* APIClientDeleteAccountTests.swift in Sources */ = {isa = PBXBuildFile; fileRef = T1E5T1E5T1E5P024 /* APIClientDeleteAccountTests.swift */; };
		T1E5T1E5T1E5P025 /* OrganizationModelTests.swift in Sources */ = {isa = PBXBuildFile; fileRef = T1E5T1E5T1E5P026 /* OrganizationModelTests.swift */; };
		T1E5T1E5T1E5P027 /* LinkedIdentityModelTests.swift in Sources */ = {isa = PBXBuildFile; fileRef = T1E5T1E5T1E5P028 /* LinkedIdentityModelTests.swift */; };
		T1E5T1E5T1E5P029 /* ModerationModelTests.swift in Sources */ = {isa = PBXBuildFile; fileRef = T1E5T1E5T1E5P030 /* ModerationModelTests.swift */; };
/* End PBXBuildFile section */

/* Begin PBXContainerItemProxy section */
		T1E5T1E5T1E5000B /* PBXContainerItemProxy */ = {
			isa = PBXContainerItemProxy;
			containerPortal = A1B1C1D1E1F10027 /* Project object */;
			proxyType = 1;
			remoteGlobalIDString = A1B1C1D1E1F10023;
			remoteInfo = InterlinedList;
		};
/* End PBXContainerItemProxy section */

/* Begin PBXFileReference section */
		09470364B5A0A559FDE3215F /* APIClientPushTests.swift */ = {isa = PBXFileReference; includeInIndex = 1; lastKnownFileType = sourcecode.swift; path = APIClientPushTests.swift; sourceTree = "<group>"; };
		0EF29F5DC946D80A63000209 /* FollowListView.swift */ = {isa = PBXFileReference; includeInIndex = 1; lastKnownFileType = sourcecode.swift; path = FollowListView.swift; sourceTree = "<group>"; };
		104AAB22C8CEDBE47729581D /* ReorderSpikeView.swift */ = {isa = PBXFileReference; includeInIndex = 1; lastKnownFileType = sourcecode.swift; path = ReorderSpikeView.swift; sourceTree = "<group>"; };
		1147B978D9E72695E4457454 /* Moderation.swift */ = {isa = PBXFileReference; includeInIndex = 1; lastKnownFileType = sourcecode.swift; path = Moderation.swift; sourceTree = "<group>"; };
		229B4152945DABCD6D88A59A /* Manrope.ttf */ = {isa = PBXFileReference; includeInIndex = 1; lastKnownFileType = file; path = InterlinedList/Fonts/Manrope.ttf; sourceTree = SOURCE_ROOT; };
		29AF87C767D57BD267ED0802 /* ComposeImageStrip.swift */ = {isa = PBXFileReference; includeInIndex = 1; lastKnownFileType = sourcecode.swift; path = ComposeImageStrip.swift; sourceTree = "<group>"; };
		2A70E64AE3EB1E11EB9B7F83 /* PublicListDetailView.swift */ = {isa = PBXFileReference; includeInIndex = 1; lastKnownFileType = sourcecode.swift; path = PublicListDetailView.swift; sourceTree = "<group>"; };
		2DD102A0D8ECD7CFC11DBD4A /* SettingsView.swift */ = {isa = PBXFileReference; includeInIndex = 1; lastKnownFileType = sourcecode.swift; path = SettingsView.swift; sourceTree = "<group>"; };
		4EE76647702E9C83B941FA2C /* AppDataStoreTests.swift */ = {isa = PBXFileReference; includeInIndex = 1; lastKnownFileType = sourcecode.swift; path = AppDataStoreTests.swift; sourceTree = "<group>"; };
		5A04FF25F89FC0E5253896FD /* ImageUploadProcessor.swift */ = {isa = PBXFileReference; includeInIndex = 1; lastKnownFileType = sourcecode.swift; path = ImageUploadProcessor.swift; sourceTree = "<group>"; };
		6A569D8DB8DFD3CC59072FDB /* APIClientModerationTests.swift */ = {isa = PBXFileReference; includeInIndex = 1; lastKnownFileType = sourcecode.swift; path = APIClientModerationTests.swift; sourceTree = "<group>"; };
		74B5AC4D76899CEAF620E402 /* PublicBrowse.swift */ = {isa = PBXFileReference; includeInIndex = 1; lastKnownFileType = sourcecode.swift; path = PublicBrowse.swift; sourceTree = "<group>"; };
		7800699C927CE3E133944E62 /* ReportSheet.swift */ = {isa = PBXFileReference; includeInIndex = 1; lastKnownFileType = sourcecode.swift; path = ReportSheet.swift; sourceTree = "<group>"; };
		78BDFABB1D991EB98BFEC2AA /* ImageUploadProcessorTests.swift */ = {isa = PBXFileReference; includeInIndex = 1; lastKnownFileType = sourcecode.swift; path = ImageUploadProcessorTests.swift; sourceTree = "<group>"; };
		7A01238CA201A950E76845AE /* SpaceGrotesk.ttf */ = {isa = PBXFileReference; includeInIndex = 1; lastKnownFileType = file; path = InterlinedList/Fonts/SpaceGrotesk.ttf; sourceTree = SOURCE_ROOT; };
		7F7063C59228E7D97A16B17D /* ComposeImageUploader.swift */ = {isa = PBXFileReference; includeInIndex = 1; lastKnownFileType = sourcecode.swift; path = ComposeImageUploader.swift; sourceTree = "<group>"; };
		8B79D26B822DCA1188DF37E9 /* PushService.swift */ = {isa = PBXFileReference; includeInIndex = 1; lastKnownFileType = sourcecode.swift; path = PushService.swift; sourceTree = "<group>"; };
		93642F79C3049C4A2ECC8AFF /* GapModelsTests.swift */ = {isa = PBXFileReference; includeInIndex = 1; lastKnownFileType = sourcecode.swift; path = GapModelsTests.swift; sourceTree = "<group>"; };
		98DB21A23AF902D811F28C38 /* PublicDocumentsView.swift */ = {isa = PBXFileReference; includeInIndex = 1; lastKnownFileType = sourcecode.swift; path = PublicDocumentsView.swift; sourceTree = "<group>"; };
		A1B1C1D1E1F10000 /* InterlinedList.app */ = {isa = PBXFileReference; explicitFileType = wrapper.application; includeInIndex = 0; path = InterlinedList.app; sourceTree = BUILT_PRODUCTS_DIR; };
		A1B1C1D1E1F10002 /* InterlinedListApp.swift */ = {isa = PBXFileReference; lastKnownFileType = sourcecode.swift; path = InterlinedListApp.swift; sourceTree = "<group>"; };
		A1B1C1D1E1F10004 /* RootView.swift */ = {isa = PBXFileReference; lastKnownFileType = sourcecode.swift; path = RootView.swift; sourceTree = "<group>"; };
		A1B1C1D1E1F10006 /* User.swift */ = {isa = PBXFileReference; lastKnownFileType = sourcecode.swift; path = User.swift; sourceTree = "<group>"; };
		A1B1C1D1E1F10008 /* Message.swift */ = {isa = PBXFileReference; lastKnownFileType = sourcecode.swift; path = Message.swift; sourceTree = "<group>"; };
		A1B1C1D1E1F1000A /* KeychainService.swift */ = {isa = PBXFileReference; lastKnownFileType = sourcecode.swift; path = KeychainService.swift; sourceTree = "<group>"; };
		A1B1C1D1E1F1000C /* APIClient.swift */ = {isa = PBXFileReference; lastKnownFileType = sourcecode.swift; path = APIClient.swift; sourceTree = "<group>"; };
		A1B1C1D1E1F1000E /* AuthState.swift */ = {isa = PBXFileReference; lastKnownFileType = sourcecode.swift; path = AuthState.swift; sourceTree = "<group>"; };
		A1B1C1D1E1F10010 /* LoginView.swift */ = {isa = PBXFileReference; lastKnownFileType = sourcecode.swift; path = LoginView.swift; sourceTree = "<group>"; };
		A1B1C1D1E1F10012 /* RegisterView.swift */ = {isa = PBXFileReference; lastKnownFileType = sourcecode.swift; path = RegisterView.swift; sourceTree = "<group>"; };
		A1B1C1D1E1F10014 /* MainTabView.swift */ = {isa = PBXFileReference; lastKnownFileType = sourcecode.swift; path = MainTabView.swift; sourceTree = "<group>"; };
		A1B1C1D1E1F10016 /* FeedView.swift */ = {isa = PBXFileReference; lastKnownFileType = sourcecode.swift; path = FeedView.swift; sourceTree = "<group>"; };
		A1B1C1D1E1F10018 /* ComposeView.swift */ = {isa = PBXFileReference; lastKnownFileType = sourcecode.swift; path = ComposeView.swift; sourceTree = "<group>"; };
		A1B1C1D1E1F1001A /* Assets.xcassets */ = {isa = PBXFileReference; lastKnownFileType = folder.assetcatalog; path = Assets.xcassets; sourceTree = "<group>"; };
		A1B1C1D1E1F10022 /* Info.plist */ = {isa = PBXFileReference; lastKnownFileType = text.plist.xml; path = Info.plist; sourceTree = "<group>"; };
		A1B1C1D1E1F1002E /* List.swift */ = {isa = PBXFileReference; lastKnownFileType = sourcecode.swift; path = List.swift; sourceTree = "<group>"; };
		A1B1C1D1E1F10030 /* ListsView.swift */ = {isa = PBXFileReference; lastKnownFileType = sourcecode.swift; path = ListsView.swift; sourceTree = "<group>"; };
		A1B1C1D1E1F10032 /* EditMessageView.swift */ = {isa = PBXFileReference; lastKnownFileType = sourcecode.swift; path = EditMessageView.swift; sourceTree = "<group>"; };
		A1B1C1D1E1F10034 /* MessageThreadView.swift */ = {isa = PBXFileReference; lastKnownFileType = sourcecode.swift; path = MessageThreadView.swift; sourceTree = "<group>"; };
		A1B1C1D1E1F10036 /* CreateListView.swift */ = {isa = PBXFileReference; lastKnownFileType = sourcecode.swift; path = CreateListView.swift; sourceTree = "<group>"; };
		A1B1C1D1E1F10038 /* UserProfileView.swift */ = {isa = PBXFileReference; lastKnownFileType = sourcecode.swift; path = UserProfileView.swift; sourceTree = "<group>"; };
		A1B1C1D1E1F1003A /* ScheduledMessagesView.swift */ = {isa = PBXFileReference; lastKnownFileType = sourcecode.swift; path = ScheduledMessagesView.swift; sourceTree = "<group>"; };
		A1B1C1D1E1F100A2 /* ListSchemaEditorView.swift */ = {isa = PBXFileReference; lastKnownFileType = sourcecode.swift; path = ListSchemaEditorView.swift; sourceTree = "<group>"; };
		A1B1C1D1E1F100A4 /* ListSchemaDraft.swift */ = {isa = PBXFileReference; lastKnownFileType = sourcecode.swift; path = ListSchemaDraft.swift; sourceTree = "<group>"; };
		A2B2C2D2E2F20042 /* AppNotification.swift */ = {isa = PBXFileReference; lastKnownFileType = sourcecode.swift; path = AppNotification.swift; sourceTree = "<group>"; };
		A2B2C2D2E2F20044 /* FollowState.swift */ = {isa = PBXFileReference; lastKnownFileType = sourcecode.swift; path = FollowState.swift; sourceTree = "<group>"; };
		A2B2C2D2E2F20046 /* NotificationsView.swift */ = {isa = PBXFileReference; lastKnownFileType = sourcecode.swift; path = NotificationsView.swift; sourceTree = "<group>"; };
		A2B2C2D2E2F20048 /* FollowRequestsView.swift */ = {isa = PBXFileReference; lastKnownFileType = sourcecode.swift; path = FollowRequestsView.swift; sourceTree = "<group>"; };
		A2B2C2D2E2F2004A /* EditProfileView.swift */ = {isa = PBXFileReference; lastKnownFileType = sourcecode.swift; path = EditProfileView.swift; sourceTree = "<group>"; };
		A3C3D3E3F3A30052 /* Document.swift */ = {isa = PBXFileReference; lastKnownFileType = sourcecode.swift; path = Document.swift; sourceTree = "<group>"; };
		A3C3D3E3F3A30054 /* DocumentsView.swift */ = {isa = PBXFileReference; lastKnownFileType = sourcecode.swift; path = DocumentsView.swift; sourceTree = "<group>"; };
		A3C3D3E3F3A30056 /* URLSessionProtocol.swift */ = {isa = PBXFileReference; lastKnownFileType = sourcecode.swift; path = URLSessionProtocol.swift; sourceTree = "<group>"; };
		A79A316417B99AB22D2FFDC1 /* JetBrainsMono.ttf */ = {isa = PBXFileReference; includeInIndex = 1; lastKnownFileType = file; path = InterlinedList/Fonts/JetBrainsMono.ttf; sourceTree = SOURCE_ROOT; };
		B1C1D1E1F1A10002 /* DataCache.swift */ = {isa = PBXFileReference; lastKnownFileType = sourcecode.swift; path = DataCache.swift; sourceTree = "<group>"; };
		B1C1D1E1F1A10004 /* AppDataStore.swift */ = {isa = PBXFileReference; lastKnownFileType = sourcecode.swift; path = AppDataStore.swift; sourceTree = "<group>"; };
		B1C1D1E1F1A10006 /* SkeletonBlock.swift */ = {isa = PBXFileReference; lastKnownFileType = sourcecode.swift; path = SkeletonBlock.swift; sourceTree = "<group>"; };
		B1C1D1E1F1A10008 /* FeedSkeletonView.swift */ = {isa = PBXFileReference; lastKnownFileType = sourcecode.swift; path = FeedSkeletonView.swift; sourceTree = "<group>"; };
		B1C1D1E1F1A1000A /* ListSkeletonView.swift */ = {isa = PBXFileReference; lastKnownFileType = sourcecode.swift; path = ListSkeletonView.swift; sourceTree = "<group>"; };
		B1C1D1E1F1A1000C /* DocumentSkeletonView.swift */ = {isa = PBXFileReference; lastKnownFileType = sourcecode.swift; path = DocumentSkeletonView.swift; sourceTree = "<group>"; };
		B1C1D1E1F1A1000E /* ListItemFormView.swift */ = {isa = PBXFileReference; lastKnownFileType = sourcecode.swift; path = ListItemFormView.swift; sourceTree = "<group>"; };
		B3A38EE80BD5D25C7D290EF5 /* APIClientGapPhasesTests.swift */ = {isa = PBXFileReference; includeInIndex = 1; lastKnownFileType = sourcecode.swift; path = APIClientGapPhasesTests.swift; sourceTree = "<group>"; };
		C0041BEAB46F9186FB5BF907 /* OrganizationsView.swift */ = {isa = PBXFileReference; includeInIndex = 1; lastKnownFileType = sourcecode.swift; path = OrganizationsView.swift; sourceTree = "<group>"; };
		C1D1E1F1A1B10002 /* Organization.swift */ = {isa = PBXFileReference; lastKnownFileType = sourcecode.swift; path = Organization.swift; sourceTree = "<group>"; };
		D0A1D0A1D0A10002 /* OAuthCoordinator.swift */ = {isa = PBXFileReference; lastKnownFileType = sourcecode.swift; path = OAuthCoordinator.swift; sourceTree = "<group>"; };
		D0A1D0A1D0A10004 /* ChangeEmailView.swift */ = {isa = PBXFileReference; lastKnownFileType = sourcecode.swift; path = ChangeEmailView.swift; sourceTree = "<group>"; };
		D0A1D0A1D0A10006 /* ForgotPasswordView.swift */ = {isa = PBXFileReference; lastKnownFileType = sourcecode.swift; path = ForgotPasswordView.swift; sourceTree = "<group>"; };
		D0A1D0A1D0A10008 /* ResetPasswordView.swift */ = {isa = PBXFileReference; lastKnownFileType = sourcecode.swift; path = ResetPasswordView.swift; sourceTree = "<group>"; };
		D0A1D0A1D0A1000A /* EmailVerificationBanner.swift */ = {isa = PBXFileReference; lastKnownFileType = sourcecode.swift; path = EmailVerificationBanner.swift; sourceTree = "<group>"; };
		D0A1D0A1D0A1000C /* LinkedIdentitiesView.swift */ = {isa = PBXFileReference; lastKnownFileType = sourcecode.swift; path = LinkedIdentitiesView.swift; sourceTree = "<group>"; };
		D0A1D0A1D0A1000E /* OAuthSignInButton.swift */ = {isa = PBXFileReference; lastKnownFileType = sourcecode.swift; path = OAuthSignInButton.swift; sourceTree = "<group>"; };
		D4C3953B4568AA7A2EA19EED /* ComposeImageUploaderTests.swift */ = {isa = PBXFileReference; includeInIndex = 1; lastKnownFileType = sourcecode.swift; path = ComposeImageUploaderTests.swift; sourceTree = "<group>"; };
		E32E0E59381D02A8A4E0A247 /* BlockedUsersView.swift */ = {isa = PBXFileReference; includeInIndex = 1; lastKnownFileType = sourcecode.swift; path = BlockedUsersView.swift; sourceTree = "<group>"; };
		E5828367E38948582EF1DF2A /* WatchersListView.swift */ = {isa = PBXFileReference; includeInIndex = 1; lastKnownFileType = sourcecode.swift; path = WatchersListView.swift; sourceTree = "<group>"; };
		ECA57E5D72AA1429A40660BA /* NotificationPreference.swift */ = {isa = PBXFileReference; includeInIndex = 1; lastKnownFileType = sourcecode.swift; path = NotificationPreference.swift; sourceTree = "<group>"; };
		F0470C00F1A0E215224120A1 /* ListWatcher.swift */ = {isa = PBXFileReference; includeInIndex = 1; lastKnownFileType = sourcecode.swift; path = ListWatcher.swift; sourceTree = "<group>"; };
		F379C02B2FCEB9440069B81C /* InterlinedList.xctestplan */ = {isa = PBXFileReference; lastKnownFileType = text; path = InterlinedList.xctestplan; sourceTree = "<group>"; };
		F3E6216F2FFB4666000D153A /* InterlinedList.entitlements */ = {isa = PBXFileReference; lastKnownFileType = text.plist.entitlements; path = InterlinedList.entitlements; sourceTree = "<group>"; };
		FC5914D730B4355F02E89D81 /* ILColor.swift */ = {isa = PBXFileReference; includeInIndex = 1; lastKnownFileType = sourcecode.swift; path = InterlinedList/Services/ILColor.swift; sourceTree = SOURCE_ROOT; };
		T1E5T1E5T1E50000 /* InterlinedListTests.xctest */ = {isa = PBXFileReference; explicitFileType = wrapper.cfbundle; includeInIndex = 0; path = InterlinedListTests.xctest; sourceTree = BUILT_PRODUCTS_DIR; };
		T1E5T1E5T1E50002 /* InterlinedListTests.swift */ = {isa = PBXFileReference; lastKnownFileType = sourcecode.swift; path = InterlinedListTests.swift; sourceTree = "<group>"; };
		T1E5T1E5T1E50004 /* MockURLSession.swift */ = {isa = PBXFileReference; lastKnownFileType = sourcecode.swift; path = MockURLSession.swift; sourceTree = "<group>"; };
		T1E5T1E5T1E50006 /* APIClientAuthTests.swift */ = {isa = PBXFileReference; lastKnownFileType = sourcecode.swift; path = APIClientAuthTests.swift; sourceTree = "<group>"; };
		T1E5T1E5T1E50008 /* ListModelTests.swift */ = {isa = PBXFileReference; lastKnownFileType = sourcecode.swift; path = ListModelTests.swift; sourceTree = "<group>"; };
		T1E5T1E5T1E5000A /* UserModelTests.swift */ = {isa = PBXFileReference; lastKnownFileType = sourcecode.swift; path = UserModelTests.swift; sourceTree = "<group>"; };
		T1E5T1E5T1E5D002 /* APIClientVideoUploadTests.swift */ = {isa = PBXFileReference; lastKnownFileType = sourcecode.swift; path = APIClientVideoUploadTests.swift; sourceTree = "<group>"; };
		T1E5T1E5T1E5G002 /* APIClientExportTests.swift */ = {isa = PBXFileReference; lastKnownFileType = sourcecode.swift; path = APIClientExportTests.swift; sourceTree = "<group>"; };
		T1E5T1E5T1E5H002 /* APIClientConnectionsTests.swift */ = {isa = PBXFileReference; lastKnownFileType = sourcecode.swift; path = APIClientConnectionsTests.swift; sourceTree = "<group>"; };
		T1E5T1E5T1E5H004 /* ListConnectionTests.swift */ = {isa = PBXFileReference; lastKnownFileType = sourcecode.swift; path = ListConnectionTests.swift; sourceTree = "<group>"; };
		T1E5T1E5T1E5M002 /* MessageModelTests.swift */ = {isa = PBXFileReference; lastKnownFileType = sourcecode.swift; path = MessageModelTests.swift; sourceTree = "<group>"; };
		T1E5T1E5T1E5M004 /* AppNotificationModelTests.swift */ = {isa = PBXFileReference; lastKnownFileType = sourcecode.swift; path = AppNotificationModelTests.swift; sourceTree = "<group>"; };
		T1E5T1E5T1E5M006 /* FollowStateModelTests.swift */ = {isa = PBXFileReference; lastKnownFileType = sourcecode.swift; path = FollowStateModelTests.swift; sourceTree = "<group>"; };
		T1E5T1E5T1E5M008 /* DocumentModelTests.swift */ = {isa = PBXFileReference; lastKnownFileType = sourcecode.swift; path = DocumentModelTests.swift; sourceTree = "<group>"; };
		T1E5T1E5T1E5N002 /* APIClientMessagesTests.swift */ = {isa = PBXFileReference; lastKnownFileType = sourcecode.swift; path = APIClientMessagesTests.swift; sourceTree = "<group>"; };
		T1E5T1E5T1E5N004 /* APIClientListsTests.swift */ = {isa = PBXFileReference; lastKnownFileType = sourcecode.swift; path = APIClientListsTests.swift; sourceTree = "<group>"; };
		T1E5T1E5T1E5N006 /* APIClientDocumentsTests.swift */ = {isa = PBXFileReference; lastKnownFileType = sourcecode.swift; path = APIClientDocumentsTests.swift; sourceTree = "<group>"; };
		T1E5T1E5T1E5N008 /* APIClientNotificationsTests.swift */ = {isa = PBXFileReference; lastKnownFileType = sourcecode.swift; path = APIClientNotificationsTests.swift; sourceTree = "<group>"; };
		T1E5T1E5T1E5N010 /* APIClientFollowTests.swift */ = {isa = PBXFileReference; lastKnownFileType = sourcecode.swift; path = APIClientFollowTests.swift; sourceTree = "<group>"; };
		T1E5T1E5T1E5N012 /* APIClientProfileTests.swift */ = {isa = PBXFileReference; lastKnownFileType = sourcecode.swift; path = APIClientProfileTests.swift; sourceTree = "<group>"; };
		T1E5T1E5T1E5N014 /* APIClientImageUploadTests.swift */ = {isa = PBXFileReference; lastKnownFileType = sourcecode.swift; path = APIClientImageUploadTests.swift; sourceTree = "<group>"; };
		T1E5T1E5T1E5N016 /* APIClientPeopleTests.swift */ = {isa = PBXFileReference; lastKnownFileType = sourcecode.swift; path = APIClientPeopleTests.swift; sourceTree = "<group>"; };
		T1E5T1E5T1E5P002 /* APIClientListFolderTests.swift */ = {isa = PBXFileReference; lastKnownFileType = sourcecode.swift; path = APIClientListFolderTests.swift; sourceTree = "<group>"; };
		T1E5T1E5T1E5P004 /* APIClientSearchDocumentsTests.swift */ = {isa = PBXFileReference; lastKnownFileType = sourcecode.swift; path = APIClientSearchDocumentsTests.swift; sourceTree = "<group>"; };
		T1E5T1E5T1E5P006 /* APIClientSearchListsTests.swift */ = {isa = PBXFileReference; lastKnownFileType = sourcecode.swift; path = APIClientSearchListsTests.swift; sourceTree = "<group>"; };
		T1E5T1E5T1E5P008 /* ListSchemaDraftTests.swift */ = {isa = PBXFileReference; lastKnownFileType = sourcecode.swift; path = ListSchemaDraftTests.swift; sourceTree = "<group>"; };
		T1E5T1E5T1E5P010 /* APIClientUpdateListSchemaTests.swift */ = {isa = PBXFileReference; lastKnownFileType = sourcecode.swift; path = APIClientUpdateListSchemaTests.swift; sourceTree = "<group>"; };
		T1E5T1E5T1E5P012 /* EnvLoader.swift */ = {isa = PBXFileReference; lastKnownFileType = sourcecode.swift; path = EnvLoader.swift; sourceTree = "<group>"; };
		T1E5T1E5T1E5P014 /* E2EReadOnlyTests.swift */ = {isa = PBXFileReference; lastKnownFileType = sourcecode.swift; path = E2EReadOnlyTests.swift; sourceTree = "<group>"; };
		T1E5T1E5T1E5P016 /* KeychainServiceTests.swift */ = {isa = PBXFileReference; lastKnownFileType = sourcecode.swift; path = KeychainServiceTests.swift; sourceTree = "<group>"; };
		T1E5T1E5T1E5P018 /* APIClientPasswordResetTests.swift */ = {isa = PBXFileReference; lastKnownFileType = sourcecode.swift; path = APIClientPasswordResetTests.swift; sourceTree = "<group>"; };
		T1E5T1E5T1E5P01A /* APIClientEmailVerificationTests.swift */ = {isa = PBXFileReference; lastKnownFileType = sourcecode.swift; path = APIClientEmailVerificationTests.swift; sourceTree = "<group>"; };
		T1E5T1E5T1E5P01C /* APIClientIdentitiesTests.swift */ = {isa = PBXFileReference; lastKnownFileType = sourcecode.swift; path = APIClientIdentitiesTests.swift; sourceTree = "<group>"; };
		T1E5T1E5T1E5P01E /* APIClientOAuthStatusTests.swift */ = {isa = PBXFileReference; lastKnownFileType = sourcecode.swift; path = APIClientOAuthStatusTests.swift; sourceTree = "<group>"; };
		T1E5T1E5T1E5P020 /* APIClientAvatarTests.swift */ = {isa = PBXFileReference; lastKnownFileType = sourcecode.swift; path = APIClientAvatarTests.swift; sourceTree = "<group>"; };
		T1E5T1E5T1E5P022 /* APIClientOrganizationsTests.swift */ = {isa = PBXFileReference; lastKnownFileType = sourcecode.swift; path = APIClientOrganizationsTests.swift; sourceTree = "<group>"; };
		T1E5T1E5T1E5P024 /* APIClientDeleteAccountTests.swift */ = {isa = PBXFileReference; lastKnownFileType = sourcecode.swift; path = APIClientDeleteAccountTests.swift; sourceTree = "<group>"; };
		T1E5T1E5T1E5P026 /* OrganizationModelTests.swift */ = {isa = PBXFileReference; lastKnownFileType = sourcecode.swift; path = OrganizationModelTests.swift; sourceTree = "<group>"; };
		T1E5T1E5T1E5P028 /* LinkedIdentityModelTests.swift */ = {isa = PBXFileReference; lastKnownFileType = sourcecode.swift; path = LinkedIdentityModelTests.swift; sourceTree = "<group>"; };
		T1E5T1E5T1E5P030 /* ModerationModelTests.swift */ = {isa = PBXFileReference; lastKnownFileType = sourcecode.swift; path = ModerationModelTests.swift; sourceTree = "<group>"; };
/* End PBXFileReference section */

/* Begin PBXFrameworksBuildPhase section */
		A1B1C1D1E1F1001B /* Frameworks */ = {
			isa = PBXFrameworksBuildPhase;
			buildActionMask = 2147483647;
			files = (
			);
			runOnlyForDeploymentPostprocessing = 0;
		};
		T1E5T1E5T1E5000C /* Frameworks */ = {
			isa = PBXFrameworksBuildPhase;
			buildActionMask = 2147483647;
			files = (
			);
			runOnlyForDeploymentPostprocessing = 0;
		};
/* End PBXFrameworksBuildPhase section */

/* Begin PBXGroup section */
		62E89946D505F67B60F6CE99 /* Fonts */ = {
			isa = PBXGroup;
			children = (
				7A01238CA201A950E76845AE /* SpaceGrotesk.ttf */,
				229B4152945DABCD6D88A59A /* Manrope.ttf */,
				A79A316417B99AB22D2FFDC1 /* JetBrainsMono.ttf */,
			);
			path = Fonts;
			sourceTree = "<group>";
		};
		A1B1C1D1E1F1001C = {
			isa = PBXGroup;
			children = (
				F379C02B2FCEB9440069B81C /* InterlinedList.xctestplan */,
				A1B1C1D1E1F1001D /* InterlinedList */,
				T1E5T1E5T1E50010 /* InterlinedListTests */,
				A1B1C1D1E1F1001E /* Products */,
			);
			sourceTree = "<group>";
		};
		A1B1C1D1E1F1001D /* InterlinedList */ = {
			isa = PBXGroup;
			children = (
				F3E6216F2FFB4666000D153A /* InterlinedList.entitlements */,
				A1B1C1D1E1F10002 /* InterlinedListApp.swift */,
				A1B1C1D1E1F1001F /* Models */,
				A1B1C1D1E1F10020 /* Services */,
				A1B1C1D1E1F10021 /* Views */,
				A1B1C1D1E1F1001A /* Assets.xcassets */,
				A1B1C1D1E1F10022 /* Info.plist */,
				62E89946D505F67B60F6CE99 /* Fonts */,
			);
			path = InterlinedList;
			sourceTree = "<group>";
		};
		A1B1C1D1E1F1001E /* Products */ = {
			isa = PBXGroup;
			children = (
				A1B1C1D1E1F10000 /* InterlinedList.app */,
				T1E5T1E5T1E50000 /* InterlinedListTests.xctest */,
			);
			name = Products;
			sourceTree = "<group>";
		};
		A1B1C1D1E1F1001F /* Models */ = {
			isa = PBXGroup;
			children = (
				A1B1C1D1E1F10006 /* User.swift */,
				A1B1C1D1E1F10008 /* Message.swift */,
				A1B1C1D1E1F1002E /* List.swift */,
				A1B1C1D1E1F100A4 /* ListSchemaDraft.swift */,
				A2B2C2D2E2F20042 /* AppNotification.swift */,
				A2B2C2D2E2F20044 /* FollowState.swift */,
				A3C3D3E3F3A30052 /* Document.swift */,
				C1D1E1F1A1B10002 /* Organization.swift */,
				F0470C00F1A0E215224120A1 /* ListWatcher.swift */,
				ECA57E5D72AA1429A40660BA /* NotificationPreference.swift */,
				74B5AC4D76899CEAF620E402 /* PublicBrowse.swift */,
				1147B978D9E72695E4457454 /* Moderation.swift */,
			);
			path = Models;
			sourceTree = "<group>";
		};
		A1B1C1D1E1F10020 /* Services */ = {
			isa = PBXGroup;
			children = (
				A1B1C1D1E1F1000A /* KeychainService.swift */,
				A1B1C1D1E1F1000C /* APIClient.swift */,
				A1B1C1D1E1F1000E /* AuthState.swift */,
				A3C3D3E3F3A30056 /* URLSessionProtocol.swift */,
				B1C1D1E1F1A10002 /* DataCache.swift */,
				B1C1D1E1F1A10004 /* AppDataStore.swift */,
				D0A1D0A1D0A10002 /* OAuthCoordinator.swift */,
				FC5914D730B4355F02E89D81 /* ILColor.swift */,
				8B79D26B822DCA1188DF37E9 /* PushService.swift */,
				5A04FF25F89FC0E5253896FD /* ImageUploadProcessor.swift */,
				7F7063C59228E7D97A16B17D /* ComposeImageUploader.swift */,
			);
			path = Services;
			sourceTree = "<group>";
		};
		A1B1C1D1E1F10021 /* Views */ = {
			isa = PBXGroup;
			children = (
				A1B1C1D1E1F10004 /* RootView.swift */,
				A1B1C1D1E1F10010 /* LoginView.swift */,
				A1B1C1D1E1F10012 /* RegisterView.swift */,
				A1B1C1D1E1F10014 /* MainTabView.swift */,
				A1B1C1D1E1F10016 /* FeedView.swift */,
				A1B1C1D1E1F10018 /* ComposeView.swift */,
				A1B1C1D1E1F10030 /* ListsView.swift */,
				A1B1C1D1E1F10032 /* EditMessageView.swift */,
				A1B1C1D1E1F100A2 /* ListSchemaEditorView.swift */,
				A1B1C1D1E1F10034 /* MessageThreadView.swift */,
				A1B1C1D1E1F10036 /* CreateListView.swift */,
				A1B1C1D1E1F10038 /* UserProfileView.swift */,
				A1B1C1D1E1F1003A /* ScheduledMessagesView.swift */,
				A2B2C2D2E2F20046 /* NotificationsView.swift */,
				A2B2C2D2E2F20048 /* FollowRequestsView.swift */,
				A2B2C2D2E2F2004A /* EditProfileView.swift */,
				A3C3D3E3F3A30054 /* DocumentsView.swift */,
				B1C1D1E1F1A10006 /* SkeletonBlock.swift */,
				B1C1D1E1F1A10008 /* FeedSkeletonView.swift */,
				B1C1D1E1F1A1000A /* ListSkeletonView.swift */,
				B1C1D1E1F1A1000C /* DocumentSkeletonView.swift */,
				B1C1D1E1F1A1000E /* ListItemFormView.swift */,
				D0A1D0A1D0A10004 /* ChangeEmailView.swift */,
				D0A1D0A1D0A10006 /* ForgotPasswordView.swift */,
				D0A1D0A1D0A10008 /* ResetPasswordView.swift */,
				D0A1D0A1D0A1000A /* EmailVerificationBanner.swift */,
				D0A1D0A1D0A1000C /* LinkedIdentitiesView.swift */,
				D0A1D0A1D0A1000E /* OAuthSignInButton.swift */,
				0EF29F5DC946D80A63000209 /* FollowListView.swift */,
				2A70E64AE3EB1E11EB9B7F83 /* PublicListDetailView.swift */,
				98DB21A23AF902D811F28C38 /* PublicDocumentsView.swift */,
				E5828367E38948582EF1DF2A /* WatchersListView.swift */,
				C0041BEAB46F9186FB5BF907 /* OrganizationsView.swift */,
				2DD102A0D8ECD7CFC11DBD4A /* SettingsView.swift */,
				7800699C927CE3E133944E62 /* ReportSheet.swift */,
				E32E0E59381D02A8A4E0A247 /* BlockedUsersView.swift */,
				104AAB22C8CEDBE47729581D /* ReorderSpikeView.swift */,
				29AF87C767D57BD267ED0802 /* ComposeImageStrip.swift */,
			);
			path = Views;
			sourceTree = "<group>";
		};
		T1E5T1E5T1E50010 /* InterlinedListTests */ = {
			isa = PBXGroup;
			children = (
				T1E5T1E5T1E50002 /* InterlinedListTests.swift */,
				T1E5T1E5T1E50004 /* MockURLSession.swift */,
				T1E5T1E5T1E50011 /* APIClientTests */,
				T1E5T1E5T1E50012 /* ModelTests */,
				T1E5T1E5T1E5Q001 /* ServiceTests */,
				T1E5T1E5T1E5Q002 /* E2E */,
			);
			path = InterlinedListTests;
			sourceTree = "<group>";
		};
		T1E5T1E5T1E50011 /* APIClientTests */ = {
			isa = PBXGroup;
			children = (
				T1E5T1E5T1E50006 /* APIClientAuthTests.swift */,
				T1E5T1E5T1E5D002 /* APIClientVideoUploadTests.swift */,
				T1E5T1E5T1E5G002 /* APIClientExportTests.swift */,
				T1E5T1E5T1E5H002 /* APIClientConnectionsTests.swift */,
				T1E5T1E5T1E5N002 /* APIClientMessagesTests.swift */,
				T1E5T1E5T1E5N004 /* APIClientListsTests.swift */,
				T1E5T1E5T1E5N006 /* APIClientDocumentsTests.swift */,
				T1E5T1E5T1E5N008 /* APIClientNotificationsTests.swift */,
				T1E5T1E5T1E5N010 /* APIClientFollowTests.swift */,
				T1E5T1E5T1E5N012 /* APIClientProfileTests.swift */,
				T1E5T1E5T1E5N014 /* APIClientImageUploadTests.swift */,
				T1E5T1E5T1E5N016 /* APIClientPeopleTests.swift */,
				T1E5T1E5T1E5P002 /* APIClientListFolderTests.swift */,
				T1E5T1E5T1E5P004 /* APIClientSearchDocumentsTests.swift */,
				T1E5T1E5T1E5P006 /* APIClientSearchListsTests.swift */,
				T1E5T1E5T1E5P010 /* APIClientUpdateListSchemaTests.swift */,
				T1E5T1E5T1E5P018 /* APIClientPasswordResetTests.swift */,
				T1E5T1E5T1E5P01A /* APIClientEmailVerificationTests.swift */,
				T1E5T1E5T1E5P01C /* APIClientIdentitiesTests.swift */,
				T1E5T1E5T1E5P01E /* APIClientOAuthStatusTests.swift */,
				T1E5T1E5T1E5P020 /* APIClientAvatarTests.swift */,
				T1E5T1E5T1E5P022 /* APIClientOrganizationsTests.swift */,
				T1E5T1E5T1E5P024 /* APIClientDeleteAccountTests.swift */,
				B3A38EE80BD5D25C7D290EF5 /* APIClientGapPhasesTests.swift */,
				6A569D8DB8DFD3CC59072FDB /* APIClientModerationTests.swift */,
				09470364B5A0A559FDE3215F /* APIClientPushTests.swift */,
			);
			path = APIClientTests;
			sourceTree = "<group>";
		};
		T1E5T1E5T1E50012 /* ModelTests */ = {
			isa = PBXGroup;
			children = (
				T1E5T1E5T1E50008 /* ListModelTests.swift */,
				T1E5T1E5T1E5000A /* UserModelTests.swift */,
				T1E5T1E5T1E5H004 /* ListConnectionTests.swift */,
				T1E5T1E5T1E5M002 /* MessageModelTests.swift */,
				T1E5T1E5T1E5M004 /* AppNotificationModelTests.swift */,
				T1E5T1E5T1E5M006 /* FollowStateModelTests.swift */,
				T1E5T1E5T1E5M008 /* DocumentModelTests.swift */,
				T1E5T1E5T1E5P008 /* ListSchemaDraftTests.swift */,
				T1E5T1E5T1E5P026 /* OrganizationModelTests.swift */,
				T1E5T1E5T1E5P028 /* LinkedIdentityModelTests.swift */,
				T1E5T1E5T1E5P030 /* ModerationModelTests.swift */,
				93642F79C3049C4A2ECC8AFF /* GapModelsTests.swift */,
			);
			path = ModelTests;
			sourceTree = "<group>";
		};
		T1E5T1E5T1E5Q001 /* ServiceTests */ = {
			isa = PBXGroup;
			children = (
				T1E5T1E5T1E5P016 /* KeychainServiceTests.swift */,
				4EE76647702E9C83B941FA2C /* AppDataStoreTests.swift */,
				78BDFABB1D991EB98BFEC2AA /* ImageUploadProcessorTests.swift */,
				D4C3953B4568AA7A2EA19EED /* ComposeImageUploaderTests.swift */,
			);
			path = ServiceTests;
			sourceTree = "<group>";
		};
		T1E5T1E5T1E5Q002 /* E2E */ = {
			isa = PBXGroup;
			children = (
				T1E5T1E5T1E5P012 /* EnvLoader.swift */,
				T1E5T1E5T1E5P014 /* E2EReadOnlyTests.swift */,
			);
			path = E2E;
			sourceTree = "<group>";
		};
/* End PBXGroup section */

/* Begin PBXNativeTarget section */
		A1B1C1D1E1F10023 /* InterlinedList */ = {
			isa = PBXNativeTarget;
			buildConfigurationList = A1B1C1D1E1F10024 /* Build configuration list for PBXNativeTarget "InterlinedList" */;
			buildPhases = (
				A1B1C1D1E1F10025 /* Sources */,
				A1B1C1D1E1F1001B /* Frameworks */,
				A1B1C1D1E1F10026 /* Resources */,
			);
			buildRules = (
			);
			dependencies = (
			);
			name = InterlinedList;
			productName = InterlinedList;
			productReference = A1B1C1D1E1F10000 /* InterlinedList.app */;
			productType = "com.apple.product-type.application";
		};
		T1E5T1E5T1E5000D /* InterlinedListTests */ = {
			isa = PBXNativeTarget;
			buildConfigurationList = T1E5T1E5T1E50013 /* Build configuration list for PBXNativeTarget "InterlinedListTests" */;
			buildPhases = (
				T1E5T1E5T1E5000E /* Sources */,
				T1E5T1E5T1E5000C /* Frameworks */,
			);
			buildRules = (
			);
			dependencies = (
				T1E5T1E5T1E5000F /* PBXTargetDependency */,
			);
			name = InterlinedListTests;
			productName = InterlinedListTests;
			productReference = T1E5T1E5T1E50000 /* InterlinedListTests.xctest */;
			productType = "com.apple.product-type.bundle.unit-test";
		};
/* End PBXNativeTarget section */

/* Begin PBXProject section */
		A1B1C1D1E1F10027 /* Project object */ = {
			isa = PBXProject;
			attributes = {
				BuildIndependentTargetsInParallel = 1;
				LastSwiftUpdateCheck = 1500;
				LastUpgradeCheck = 1620;
				TargetAttributes = {
					T1E5T1E5T1E5000D = {
						CreatedOnToolsVersion = 15.0;
						TestTargetID = A1B1C1D1E1F10023;
					};
				};
			};
			buildConfigurationList = A1B1C1D1E1F10028 /* Build configuration list for PBXProject "InterlinedList" */;
			compatibilityVersion = "Xcode 14.0";
			developmentRegion = en;
			hasScannedForEncodings = 0;
			knownRegions = (
				en,
				Base,
			);
			mainGroup = A1B1C1D1E1F1001C;
			productRefGroup = A1B1C1D1E1F1001E /* Products */;
			projectDirPath = "";
			projectRoot = "";
			targets = (
				A1B1C1D1E1F10023 /* InterlinedList */,
				T1E5T1E5T1E5000D /* InterlinedListTests */,
			);
		};
/* End PBXProject section */

/* Begin PBXResourcesBuildPhase section */
		A1B1C1D1E1F10026 /* Resources */ = {
			isa = PBXResourcesBuildPhase;
			buildActionMask = 2147483647;
			files = (
				A1B1C1D1E1F10019 /* Assets.xcassets in Resources */,
				8BEDD4D904328EC8027314DC /* SpaceGrotesk.ttf in Resources */,
				0C2A6EE423332702FD29DEBA /* Manrope.ttf in Resources */,
				A58E4C0D73217AA23A24114C /* JetBrainsMono.ttf in Resources */,
			);
			runOnlyForDeploymentPostprocessing = 0;
		};
/* End PBXResourcesBuildPhase section */

/* Begin PBXSourcesBuildPhase section */
		A1B1C1D1E1F10025 /* Sources */ = {
			isa = PBXSourcesBuildPhase;
			buildActionMask = 2147483647;
			files = (
				A1B1C1D1E1F10001 /* InterlinedListApp.swift in Sources */,
				A1B1C1D1E1F10003 /* RootView.swift in Sources */,
				A1B1C1D1E1F10005 /* User.swift in Sources */,
				A1B1C1D1E1F10007 /* Message.swift in Sources */,
				A1B1C1D1E1F10009 /* KeychainService.swift in Sources */,
				A1B1C1D1E1F1000B /* APIClient.swift in Sources */,
				A1B1C1D1E1F1000D /* AuthState.swift in Sources */,
				A1B1C1D1E1F1000F /* LoginView.swift in Sources */,
				A1B1C1D1E1F10011 /* RegisterView.swift in Sources */,
				A1B1C1D1E1F10013 /* MainTabView.swift in Sources */,
				A1B1C1D1E1F10015 /* FeedView.swift in Sources */,
				A1B1C1D1E1F10017 /* ComposeView.swift in Sources */,
				A1B1C1D1E1F1002D /* List.swift in Sources */,
				A1B1C1D1E1F1002F /* ListsView.swift in Sources */,
				A1B1C1D1E1F10031 /* EditMessageView.swift in Sources */,
				A1B1C1D1E1F100A1 /* ListSchemaEditorView.swift in Sources */,
				A1B1C1D1E1F100A3 /* ListSchemaDraft.swift in Sources */,
				A1B1C1D1E1F10033 /* MessageThreadView.swift in Sources */,
				A1B1C1D1E1F10035 /* CreateListView.swift in Sources */,
				A1B1C1D1E1F10037 /* UserProfileView.swift in Sources */,
				A1B1C1D1E1F10039 /* ScheduledMessagesView.swift in Sources */,
				A2B2C2D2E2F20041 /* AppNotification.swift in Sources */,
				A2B2C2D2E2F20043 /* FollowState.swift in Sources */,
				A2B2C2D2E2F20045 /* NotificationsView.swift in Sources */,
				A2B2C2D2E2F20047 /* FollowRequestsView.swift in Sources */,
				A2B2C2D2E2F20049 /* EditProfileView.swift in Sources */,
				A3C3D3E3F3A30051 /* Document.swift in Sources */,
				A3C3D3E3F3A30053 /* DocumentsView.swift in Sources */,
				A3C3D3E3F3A30055 /* URLSessionProtocol.swift in Sources */,
				B1C1D1E1F1A10001 /* DataCache.swift in Sources */,
				B1C1D1E1F1A10003 /* AppDataStore.swift in Sources */,
				B1C1D1E1F1A10005 /* SkeletonBlock.swift in Sources */,
				B1C1D1E1F1A10007 /* FeedSkeletonView.swift in Sources */,
				B1C1D1E1F1A10009 /* ListSkeletonView.swift in Sources */,
				B1C1D1E1F1A1000B /* DocumentSkeletonView.swift in Sources */,
				B1C1D1E1F1A1000D /* ListItemFormView.swift in Sources */,
				D0A1D0A1D0A10001 /* OAuthCoordinator.swift in Sources */,
				D0A1D0A1D0A10003 /* ChangeEmailView.swift in Sources */,
				D0A1D0A1D0A10005 /* ForgotPasswordView.swift in Sources */,
				D0A1D0A1D0A10007 /* ResetPasswordView.swift in Sources */,
				D0A1D0A1D0A10009 /* EmailVerificationBanner.swift in Sources */,
				D0A1D0A1D0A1000B /* LinkedIdentitiesView.swift in Sources */,
				D0A1D0A1D0A1000D /* OAuthSignInButton.swift in Sources */,
				C1D1E1F1A1B10001 /* Organization.swift in Sources */,
				6CED0218B01DF6AA0FF9D3BF /* ListWatcher.swift in Sources */,
				5703F883D4E6186DB66E5833 /* NotificationPreference.swift in Sources */,
				A5C47F6A46E3CE8708789CB2 /* PublicBrowse.swift in Sources */,
				9CA0B53AE87AA79D8BAC81FF /* FollowListView.swift in Sources */,
				D6AA238FF5D318D9C03FA6B5 /* PublicListDetailView.swift in Sources */,
				F93C3A953A0B809D718F9DB5 /* PublicDocumentsView.swift in Sources */,
				1775C9B4C2CF08267AF3B138 /* WatchersListView.swift in Sources */,
				CE93B45A2285EF8FD995D9FE /* OrganizationsView.swift in Sources */,
				D0F35ACF98DDE854A8437C7D /* SettingsView.swift in Sources */,
				7201B78F48B60376E06DB08E /* ILColor.swift in Sources */,
				47FBAC21F771B2813EAD8D37 /* Moderation.swift in Sources */,
				C478109CF3BB06C22E121904 /* ReportSheet.swift in Sources */,
				1102DD971BF4AC03027058B9 /* BlockedUsersView.swift in Sources */,
				17CD6CF35900DC95AA284E3C /* PushService.swift in Sources */,
				C18C73C8A93572993F29D559 /* ImageUploadProcessor.swift in Sources */,
				388E7B579881268E86808945 /* ReorderSpikeView.swift in Sources */,
				99E688DB379BD4A824487604 /* ComposeImageUploader.swift in Sources */,
				FCA5249B389CBC18040D6011 /* ComposeImageStrip.swift in Sources */,
			);
			runOnlyForDeploymentPostprocessing = 0;
		};
		T1E5T1E5T1E5000E /* Sources */ = {
			isa = PBXSourcesBuildPhase;
			buildActionMask = 2147483647;
			files = (
				T1E5T1E5T1E50001 /* InterlinedListTests.swift in Sources */,
				T1E5T1E5T1E50003 /* MockURLSession.swift in Sources */,
				T1E5T1E5T1E50005 /* APIClientAuthTests.swift in Sources */,
				T1E5T1E5T1E5D001 /* APIClientVideoUploadTests.swift in Sources */,
				T1E5T1E5T1E5G001 /* APIClientExportTests.swift in Sources */,
				T1E5T1E5T1E5H001 /* APIClientConnectionsTests.swift in Sources */,
				T1E5T1E5T1E50007 /* ListModelTests.swift in Sources */,
				T1E5T1E5T1E50009 /* UserModelTests.swift in Sources */,
				T1E5T1E5T1E5H003 /* ListConnectionTests.swift in Sources */,
				T1E5T1E5T1E5M001 /* MessageModelTests.swift in Sources */,
				T1E5T1E5T1E5M003 /* AppNotificationModelTests.swift in Sources */,
				T1E5T1E5T1E5M005 /* FollowStateModelTests.swift in Sources */,
				T1E5T1E5T1E5M007 /* DocumentModelTests.swift in Sources */,
				T1E5T1E5T1E5N001 /* APIClientMessagesTests.swift in Sources */,
				T1E5T1E5T1E5N003 /* APIClientListsTests.swift in Sources */,
				T1E5T1E5T1E5N005 /* APIClientDocumentsTests.swift in Sources */,
				T1E5T1E5T1E5N007 /* APIClientNotificationsTests.swift in Sources */,
				T1E5T1E5T1E5N009 /* APIClientFollowTests.swift in Sources */,
				T1E5T1E5T1E5N011 /* APIClientProfileTests.swift in Sources */,
				T1E5T1E5T1E5N013 /* APIClientImageUploadTests.swift in Sources */,
				T1E5T1E5T1E5N015 /* APIClientPeopleTests.swift in Sources */,
				T1E5T1E5T1E5P001 /* APIClientListFolderTests.swift in Sources */,
				T1E5T1E5T1E5P003 /* APIClientSearchDocumentsTests.swift in Sources */,
				T1E5T1E5T1E5P005 /* APIClientSearchListsTests.swift in Sources */,
				T1E5T1E5T1E5P007 /* ListSchemaDraftTests.swift in Sources */,
				T1E5T1E5T1E5P009 /* APIClientUpdateListSchemaTests.swift in Sources */,
				T1E5T1E5T1E5P011 /* EnvLoader.swift in Sources */,
				T1E5T1E5T1E5P013 /* E2EReadOnlyTests.swift in Sources */,
				T1E5T1E5T1E5P015 /* KeychainServiceTests.swift in Sources */,
				T1E5T1E5T1E5P017 /* APIClientPasswordResetTests.swift in Sources */,
				T1E5T1E5T1E5P019 /* APIClientEmailVerificationTests.swift in Sources */,
				T1E5T1E5T1E5P01B /* APIClientIdentitiesTests.swift in Sources */,
				T1E5T1E5T1E5P01D /* APIClientOAuthStatusTests.swift in Sources */,
				T1E5T1E5T1E5P01F /* APIClientAvatarTests.swift in Sources */,
				T1E5T1E5T1E5P021 /* APIClientOrganizationsTests.swift in Sources */,
				T1E5T1E5T1E5P023 /* APIClientDeleteAccountTests.swift in Sources */,
				T1E5T1E5T1E5P025 /* OrganizationModelTests.swift in Sources */,
				T1E5T1E5T1E5P027 /* LinkedIdentityModelTests.swift in Sources */,
				T1E5T1E5T1E5P029 /* ModerationModelTests.swift in Sources */,
				23E11F4CE0298A685F13AA21 /* APIClientGapPhasesTests.swift in Sources */,
				6C10CC420377B0E8AE5C82DB /* GapModelsTests.swift in Sources */,
				E1F7D081DC89245C81E2047C /* AppDataStoreTests.swift in Sources */,
				64F5804ECC25725FD1E58E84 /* APIClientModerationTests.swift in Sources */,
				CB45081F767583424D54523C /* APIClientPushTests.swift in Sources */,
				2101251E75F418E9EB28DA8F /* ImageUploadProcessorTests.swift in Sources */,
				09037C64E9D988371F29AD75 /* ComposeImageUploaderTests.swift in Sources */,
			);
			runOnlyForDeploymentPostprocessing = 0;
		};
/* End PBXSourcesBuildPhase section */

/* Begin PBXTargetDependency section */
		T1E5T1E5T1E5000F /* PBXTargetDependency */ = {
			isa = PBXTargetDependency;
			target = A1B1C1D1E1F10023 /* InterlinedList */;
			targetProxy = T1E5T1E5T1E5000B /* PBXContainerItemProxy */;
		};
/* End PBXTargetDependency section */

/* Begin XCBuildConfiguration section */
		A1B1C1D1E1F10029 /* Debug */ = {
			isa = XCBuildConfiguration;
			buildSettings = {
				ALWAYS_SEARCH_USER_PATHS = NO;
				ASSETCATALOG_COMPILER_GENERATE_SWIFT_ASSET_SYMBOL_EXTENSIONS = YES;
				CLANG_ANALYZER_NONNULL = YES;
				CLANG_ENABLE_MODULES = YES;
				CLANG_ENABLE_OBJC_ARC = YES;
				CLANG_WARN_BLOCK_CAPTURE_AUTORELEASING = YES;
				CLANG_WARN_BOOL_CONVERSION = YES;
				CLANG_WARN_COMMA = YES;
				CLANG_WARN_CONSTANT_CONVERSION = YES;
				CLANG_WARN_DEPRECATED_OBJC_IMPLEMENTATIONS = YES;
				CLANG_WARN_EMPTY_BODY = YES;
				CLANG_WARN_ENUM_CONVERSION = YES;
				CLANG_WARN_INFINITE_RECURSION = YES;
				CLANG_WARN_INT_CONVERSION = YES;
				CLANG_WARN_NON_LITERAL_NULL_CONVERSION = YES;
				CLANG_WARN_OBJC_IMPLICIT_RETAIN_SELF = YES;
				CLANG_WARN_OBJC_LITERAL_CONVERSION = YES;
				CLANG_WARN_QUOTED_INCLUDE_IN_FRAMEWORK_HEADER = YES;
				CLANG_WARN_RANGE_LOOP_ANALYSIS = YES;
				CLANG_WARN_STRICT_PROTOTYPES = YES;
				CLANG_WARN_SUSPICIOUS_MOVE = YES;
				CLANG_WARN_UNREACHABLE_CODE = YES;
				CLANG_WARN__DUPLICATE_METHOD_MATCH = YES;
				COPY_PHASE_STRIP = NO;
				DEAD_CODE_STRIPPING = YES;
				DEBUG_INFORMATION_FORMAT = dwarf;
				ENABLE_STRICT_OBJC_MSGSEND = YES;
				ENABLE_TESTABILITY = YES;
				ENABLE_USER_SCRIPT_SANDBOXING = YES;
				GCC_DYNAMIC_NO_PIC = NO;
				GCC_NO_COMMON_BLOCKS = YES;
				GCC_OPTIMIZATION_LEVEL = 0;
				GCC_PREPROCESSOR_DEFINITIONS = (
					"DEBUG=1",
					"$(inherited)",
				);
				GCC_WARN_64_TO_32_BIT_CONVERSION = YES;
				GCC_WARN_ABOUT_RETURN_TYPE = YES;
				GCC_WARN_UNDECLARED_SELECTOR = YES;
				GCC_WARN_UNINITIALIZED_AUTOS = YES;
				GCC_WARN_UNUSED_FUNCTION = YES;
				GCC_WARN_UNUSED_VARIABLE = YES;
				IPHONEOS_DEPLOYMENT_TARGET = 17.0;
				MTL_ENABLE_DEBUG_INFO = INCLUDE_SOURCE;
				MTL_FAST_MATH = YES;
				ONLY_ACTIVE_ARCH = YES;
				SUPPORTED_PLATFORMS = "iphoneos iphonesimulator";
				SWIFT_ACTIVE_COMPILATION_CONDITIONS = DEBUG;
				SWIFT_OPTIMIZATION_LEVEL = "-Onone";
			};
			name = Debug;
		};
		A1B1C1D1E1F1002A /* Release */ = {
			isa = XCBuildConfiguration;
			buildSettings = {
				ALWAYS_SEARCH_USER_PATHS = NO;
				ASSETCATALOG_COMPILER_GENERATE_SWIFT_ASSET_SYMBOL_EXTENSIONS = YES;
				CLANG_ANALYZER_NONNULL = YES;
				CLANG_ENABLE_MODULES = YES;
				CLANG_ENABLE_OBJC_ARC = YES;
				CLANG_WARN_BLOCK_CAPTURE_AUTORELEASING = YES;
				CLANG_WARN_BOOL_CONVERSION = YES;
				CLANG_WARN_COMMA = YES;
				CLANG_WARN_CONSTANT_CONVERSION = YES;
				CLANG_WARN_DEPRECATED_OBJC_IMPLEMENTATIONS = YES;
				CLANG_WARN_EMPTY_BODY = YES;
				CLANG_WARN_ENUM_CONVERSION = YES;
				CLANG_WARN_INFINITE_RECURSION = YES;
				CLANG_WARN_INT_CONVERSION = YES;
				CLANG_WARN_NON_LITERAL_NULL_CONVERSION = YES;
				CLANG_WARN_OBJC_IMPLICIT_RETAIN_SELF = YES;
				CLANG_WARN_OBJC_LITERAL_CONVERSION = YES;
				CLANG_WARN_QUOTED_INCLUDE_IN_FRAMEWORK_HEADER = YES;
				CLANG_WARN_RANGE_LOOP_ANALYSIS = YES;
				CLANG_WARN_STRICT_PROTOTYPES = YES;
				CLANG_WARN_SUSPICIOUS_MOVE = YES;
				CLANG_WARN_UNREACHABLE_CODE = YES;
				CLANG_WARN__DUPLICATE_METHOD_MATCH = YES;
				COPY_PHASE_STRIP = NO;
				DEAD_CODE_STRIPPING = YES;
				DEBUG_INFORMATION_FORMAT = "dwarf-with-dsym";
				ENABLE_NS_ASSERTIONS = NO;
				ENABLE_STRICT_OBJC_MSGSEND = YES;
				ENABLE_USER_SCRIPT_SANDBOXING = YES;
				GCC_NO_COMMON_BLOCKS = YES;
				GCC_OPTIMIZATION_LEVEL = s;
				GCC_WARN_64_TO_32_BIT_CONVERSION = YES;
				GCC_WARN_ABOUT_RETURN_TYPE = YES;
				GCC_WARN_UNDECLARED_SELECTOR = YES;
				GCC_WARN_UNINITIALIZED_AUTOS = YES;
				GCC_WARN_UNUSED_FUNCTION = YES;
				GCC_WARN_UNUSED_VARIABLE = YES;
				IPHONEOS_DEPLOYMENT_TARGET = 17.0;
				MTL_ENABLE_DEBUG_INFO = NO;
				MTL_FAST_MATH = YES;
				SUPPORTED_PLATFORMS = "iphoneos iphonesimulator";
				SWIFT_COMPILATION_MODE = wholemodule;
				VALIDATE_PRODUCT = YES;
			};
			name = Release;
		};
		A1B1C1D1E1F1002B /* Debug */ = {
			isa = XCBuildConfiguration;
			buildSettings = {
				ASSETCATALOG_COMPILER_APPICON_NAME = AppIcon;
				ASSETCATALOG_COMPILER_GLOBAL_ACCENT_COLOR_NAME = AccentColor;
				CODE_SIGN_ENTITLEMENTS = InterlinedList/InterlinedList.entitlements;
				CODE_SIGN_STYLE = Automatic;
				CURRENT_PROJECT_VERSION = 1;
				DEAD_CODE_STRIPPING = YES;
				DEVELOPMENT_ASSET_PATHS = "";
				DEVELOPMENT_TEAM = BJA9558E4B;
				ENABLE_PREVIEWS = YES;
				GENERATE_INFOPLIST_FILE = NO;
				INFOPLIST_FILE = InterlinedList/Info.plist;
				INFOPLIST_KEY_UIApplicationSupportsIndirectInputEvents = YES;
				INFOPLIST_KEY_UILaunchScreen_Generation = YES;
				IPHONEOS_DEPLOYMENT_TARGET = 17.0;
				LD_RUNPATH_SEARCH_PATHS = (
					"$(inherited)",
					"@executable_path/Frameworks",
				);
				MARKETING_VERSION = 1.0;
				PRODUCT_BUNDLE_IDENTIFIER = com.interlinedlist.app;
				PRODUCT_NAME = "$(TARGET_NAME)";
				SUPPORTED_PLATFORMS = "iphoneos iphonesimulator";
				SWIFT_EMIT_LOC_STRINGS = YES;
				SWIFT_VERSION = 5.0;
				TARGETED_DEVICE_FAMILY = 1;
			};
			name = Debug;
		};
		A1B1C1D1E1F1002C /* Release */ = {
			isa = XCBuildConfiguration;
			buildSettings = {
				ASSETCATALOG_COMPILER_APPICON_NAME = AppIcon;
				ASSETCATALOG_COMPILER_GLOBAL_ACCENT_COLOR_NAME = AccentColor;
				CODE_SIGN_ENTITLEMENTS = InterlinedList/InterlinedList.entitlements;
				CODE_SIGN_STYLE = Automatic;
				CURRENT_PROJECT_VERSION = 1;
				DEAD_CODE_STRIPPING = YES;
				DEVELOPMENT_ASSET_PATHS = "";
				DEVELOPMENT_TEAM = BJA9558E4B;
				ENABLE_PREVIEWS = YES;
				GENERATE_INFOPLIST_FILE = NO;
				INFOPLIST_FILE = InterlinedList/Info.plist;
				INFOPLIST_KEY_UIApplicationSupportsIndirectInputEvents = YES;
				INFOPLIST_KEY_UILaunchScreen_Generation = YES;
				IPHONEOS_DEPLOYMENT_TARGET = 17.0;
				LD_RUNPATH_SEARCH_PATHS = (
					"$(inherited)",
					"@executable_path/Frameworks",
				);
				MARKETING_VERSION = 1.0;
				PRODUCT_BUNDLE_IDENTIFIER = com.interlinedlist.app;
				PRODUCT_NAME = "$(TARGET_NAME)";
				SUPPORTED_PLATFORMS = "iphoneos iphonesimulator";
				SWIFT_EMIT_LOC_STRINGS = YES;
				SWIFT_VERSION = 5.0;
				TARGETED_DEVICE_FAMILY = 1;
			};
			name = Release;
		};
		T1E5T1E5T1E50014 /* Debug */ = {
			isa = XCBuildConfiguration;
			buildSettings = {
				BUNDLE_LOADER = "$(TEST_HOST)";
				CODE_SIGN_STYLE = Automatic;
				CURRENT_PROJECT_VERSION = 1;
				DEVELOPMENT_TEAM = BJA9558E4B;
				GENERATE_INFOPLIST_FILE = YES;
				IPHONEOS_DEPLOYMENT_TARGET = 17.0;
				LD_RUNPATH_SEARCH_PATHS = (
					"$(inherited)",
					"@executable_path/Frameworks",
					"@loader_path/Frameworks",
				);
				MARKETING_VERSION = 1.0;
				PRODUCT_BUNDLE_IDENTIFIER = com.interlinedlist.app.tests;
				PRODUCT_NAME = "$(TARGET_NAME)";
				SUPPORTED_PLATFORMS = "iphoneos iphonesimulator";
				SWIFT_EMIT_LOC_STRINGS = NO;
				SWIFT_VERSION = 5.0;
				TARGETED_DEVICE_FAMILY = 1;
				TEST_HOST = "$(BUILT_PRODUCTS_DIR)/InterlinedList.app/$(BUNDLE_EXECUTABLE_FOLDER_PATH)/InterlinedList";
			};
			name = Debug;
		};
		T1E5T1E5T1E50015 /* Release */ = {
			isa = XCBuildConfiguration;
			buildSettings = {
				BUNDLE_LOADER = "$(TEST_HOST)";
				CODE_SIGN_STYLE = Automatic;
				CURRENT_PROJECT_VERSION = 1;
				DEVELOPMENT_TEAM = BJA9558E4B;
				GENERATE_INFOPLIST_FILE = YES;
				IPHONEOS_DEPLOYMENT_TARGET = 17.0;
				LD_RUNPATH_SEARCH_PATHS = (
					"$(inherited)",
					"@executable_path/Frameworks",
					"@loader_path/Frameworks",
				);
				MARKETING_VERSION = 1.0;
				PRODUCT_BUNDLE_IDENTIFIER = com.interlinedlist.app.tests;
				PRODUCT_NAME = "$(TARGET_NAME)";
				SUPPORTED_PLATFORMS = "iphoneos iphonesimulator";
				SWIFT_EMIT_LOC_STRINGS = NO;
				SWIFT_VERSION = 5.0;
				TARGETED_DEVICE_FAMILY = 1;
				TEST_HOST = "$(BUILT_PRODUCTS_DIR)/InterlinedList.app/$(BUNDLE_EXECUTABLE_FOLDER_PATH)/InterlinedList";
			};
			name = Release;
		};
/* End XCBuildConfiguration section */

/* Begin XCConfigurationList section */
		A1B1C1D1E1F10024 /* Build configuration list for PBXNativeTarget "InterlinedList" */ = {
			isa = XCConfigurationList;
			buildConfigurations = (
				A1B1C1D1E1F1002B /* Debug */,
				A1B1C1D1E1F1002C /* Release */,
			);
			defaultConfigurationIsVisible = 0;
			defaultConfigurationName = Release;
		};
		A1B1C1D1E1F10028 /* Build configuration list for PBXProject "InterlinedList" */ = {
			isa = XCConfigurationList;
			buildConfigurations = (
				A1B1C1D1E1F10029 /* Debug */,
				A1B1C1D1E1F1002A /* Release */,
			);
			defaultConfigurationIsVisible = 0;
			defaultConfigurationName = Release;
		};
		T1E5T1E5T1E50013 /* Build configuration list for PBXNativeTarget "InterlinedListTests" */ = {
			isa = XCConfigurationList;
			buildConfigurations = (
				T1E5T1E5T1E50014 /* Debug */,
				T1E5T1E5T1E50015 /* Release */,
			);
			defaultConfigurationIsVisible = 0;
			defaultConfigurationName = Release;
		};
/* End XCConfigurationList section */
	};
	rootObject = A1B1C1D1E1F10027 /* Project object */;
}
